
Microsoft Visual Studio Solution File, Format Version 12.00
Project("{FAE04EC0-301F-11D3-BF4B-00C04F79EFBC}") = "TelegramBotDataService", "TelegramBotDataService\TelegramBotDataService.csproj", "{08D56969-F99F-48AE-96E4-53C2DB3F25CE}"
EndProject
Global
	GlobalSection(SolutionConfigurationPlatforms) = preSolution
		Debug|Any CPU = Debug|Any CPU
		Release|Any CPU = Release|Any CPU
	EndGlobalSection
	GlobalSection(ProjectConfigurationPlatforms) = postSolution
		{08D56969-F99F-48AE-96E4-53C2DB3F25CE}.Debug|Any CPU.ActiveCfg = Debug|Any CPU
		{08D56969-F99F-48AE-96E4-53C2DB3F25CE}.Debug|Any CPU.Build.0 = Debug|Any CPU
		{08D56969-F99F-48AE-96E4-53C2DB3F25CE}.Release|Any CPU.ActiveCfg = Release|Any CPU
		{08D56969-F99F-48AE-96E4-53C2DB3F25CE}.Release|Any CPU.Build.0 = Release|Any CPU
	EndGlobalSection
EndGlobal
